
Microsoft Visual Studio Solution File, Format Version 12.00
# Visual Studio Version 17
VisualStudioVersion = 17.5.33502.453
MinimumVisualStudioVersion = 10.0.40219.1
Project("{9A19103F-16F7-4668-BE54-9A1E7A4F7556}") = "CartoMongo", "CartoMongo.csproj", "{A0063110-E2BE-48EF-A2D4-154862D9FC28}"
EndProject
Global
	GlobalSection(SolutionConfigurationPlatforms) = preSolution
		Debug|Any CPU = Debug|Any CPU
		Release|Any CPU = Release|Any CPU
	EndGlobalSection
	GlobalSection(ProjectConfigurationPlatforms) = postSolution
		{A0063110-E2BE-48EF-A2D4-154862D9FC28}.Debug|Any CPU.ActiveCfg = Debug|Any CPU
		{A0063110-E2BE-48EF-A2D4-154862D9FC28}.Debug|Any CPU.Build.0 = Debug|Any CPU
		{A0063110-E2BE-48EF-A2D4-154862D9FC28}.Release|Any CPU.ActiveCfg = Release|Any CPU
		{A0063110-E2BE-48EF-A2D4-154862D9FC28}.Release|Any CPU.Build.0 = Release|Any CPU
	EndGlobalSection
	GlobalSection(SolutionProperties) = preSolution
		HideSolutionNode = FALSE
	EndGlobalSection
	GlobalSection(ExtensibilityGlobals) = postSolution
		SolutionGuid = {60D6120B-DBA0-45E2-B3FD-0D1AAD36B338}
	EndGlobalSection
EndGlobal
